
Microsoft Visual Studio Solution File, Format Version 12.00
# Visual Studio Version 16
VisualStudioVersion = 16.0.33927.289
MinimumVisualStudioVersion = 10.0.40219.1
Project("{FAE04EC0-301F-11D3-BF4B-00C04F79EFBC}") = "CapaVista", "CapaVista\CapaVista.csproj", "{69F14D39-3F26-4917-A4D5-63F1A185BCC6}"
EndProject
Project("{FAE04EC0-301F-11D3-BF4B-00C04F79EFBC}") = "CapaControlador", "CapaControlador\CapaControlador.csproj", "{D354DF9C-D2F5-4772-8F40-92E5CB14D2E0}"
EndProject
Project("{FAE04EC0-301F-11D3-BF4B-00C04F79EFBC}") = "CapaModelo", "CapaModelo\CapaModelo.csproj", "{239284FB-D173-4C76-B003-26B66D15FA52}"
EndProject
Global
	GlobalSection(SolutionConfigurationPlatforms) = preSolution
		Debug|Any CPU = Debug|Any CPU
		Release|Any CPU = Release|Any CPU
	EndGlobalSection
	GlobalSection(ProjectConfigurationPlatforms) = postSolution
		{69F14D39-3F26-4917-A4D5-63F1A185BCC6}.Debug|Any CPU.ActiveCfg = Debug|Any CPU
		{69F14D39-3F26-4917-A4D5-63F1A185BCC6}.Debug|Any CPU.Build.0 = Debug|Any CPU
		{69F14D39-3F26-4917-A4D5-63F1A185BCC6}.Release|Any CPU.ActiveCfg = Release|Any CPU
		{69F14D39-3F26-4917-A4D5-63F1A185BCC6}.Release|Any CPU.Build.0 = Release|Any CPU
		{D354DF9C-D2F5-4772-8F40-92E5CB14D2E0}.Debug|Any CPU.ActiveCfg = Debug|Any CPU
		{D354DF9C-D2F5-4772-8F40-92E5CB14D2E0}.Debug|Any CPU.Build.0 = Debug|Any CPU
		{D354DF9C-D2F5-4772-8F40-92E5CB14D2E0}.Release|Any CPU.ActiveCfg = Release|Any CPU
		{D354DF9C-D2F5-4772-8F40-92E5CB14D2E0}.Release|Any CPU.Build.0 = Release|Any CPU
		{239284FB-D173-4C76-B003-26B66D15FA52}.Debug|Any CPU.ActiveCfg = Debug|Any CPU
		{239284FB-D173-4C76-B003-26B66D15FA52}.Debug|Any CPU.Build.0 = Debug|Any CPU
		{239284FB-D173-4C76-B003-26B66D15FA52}.Release|Any CPU.ActiveCfg = Release|Any CPU
		{239284FB-D173-4C76-B003-26B66D15FA52}.Release|Any CPU.Build.0 = Release|Any CPU
	EndGlobalSection
	GlobalSection(SolutionProperties) = preSolution
		HideSolutionNode = FALSE
	EndGlobalSection
	GlobalSection(ExtensibilityGlobals) = postSolution
		SolutionGuid = {91126608-2B88-4695-9E72-4966A22986DE}
	EndGlobalSection
EndGlobal
